Xenomai: 3a1516832215c2948f38a663bd4f25a7b4cef7ae
cartesio_collision_support: ab8637ec8e63f3b9071834869dc68d0c470240bf
centauro_cartesio: 48280e10a100b02beb6d3f8e542dd199cdbcf87a
concert_launcher: 4163e6d3b5f9b94589e49230e71d80592291d422
ec_xbot2_client_v2: 58e10dcc61cf23b05337ce68d35011d9bd4f4137
ec_xbot2_interfaces: 41920646bafeb2e65344ce62699504d579feac5e
ecat_master: ab3df323da6cff77d8956d6dd9043e0b54c5ab48
protobuf: cc9c2dfa08c79ef13193ab9f307d14148ae4c689
soem: a7cf57b9be5c8bfa5adc86ad3e354bcd2d1b447d
vectornav: 244312923e4054270dfca250862b20268109aa7d
xbot2: fc82ae7c66f6342893589935ba3d51d96a7c6850
xbot2_cli: 9fec7bf2935d0d1e20a4a0aafd51282a783e981d
xbot2_gui_server: 662f16acc59d48f53799ff9b6ccdffc027e41c58
xbot2_ros: cdfa2763d96d4a0d54bfc323dc085d8683e46f04
xbot2_tools: 457b1556d7878e4078e39f3e8ebeae9fc16594a8
