cartesio_collision_support: ab8637ec8e63f3b9071834869dc68d0c470240bf
centauro_cartesio: 48280e10a100b02beb6d3f8e542dd199cdbcf87a
concert_launcher: 4163e6d3b5f9b94589e49230e71d80592291d422
vectornav: 244312923e4054270dfca250862b20268109aa7d
xbot2_cli: 9fec7bf2935d0d1e20a4a0aafd51282a783e981d
xbot2_gui_server: 662f16acc59d48f53799ff9b6ccdffc027e41c58
xbot2_ros: cdfa2763d96d4a0d54bfc323dc085d8683e46f04
xbot2_tools: 457b1556d7878e4078e39f3e8ebeae9fc16594a8
