Xenomai: 3a1516832215c2948f38a663bd4f25a7b4cef7ae
cartesio_collision_support: ab8637ec8e63f3b9071834869dc68d0c470240bf
centauro_cartesio: 48280e10a100b02beb6d3f8e542dd199cdbcf87a
concert_launcher: d575990babf98156d3d412f3d71ab3415cdc34a0
ec_xbot2_client_v2: 0b50a25331104d299b6cd5cd9893d732333a0f40
ec_xbot2_interfaces: 41920646bafeb2e65344ce62699504d579feac5e
ecat_master: 3d82ee98c47d752affead833abdf4d6472fee338
hesai_ros_driver: e7e112f0809f0eed5e3c81c55a1a0376474db234
network_bridge: 5b48aac9b84327b246cf0133bebafc8b81bfd894
nlohmann_json: 55f93686c01528224f448c19128836e7df245f72
protobuf: cc9c2dfa08c79ef13193ab9f307d14148ae4c689
soem: a7cf57b9be5c8bfa5adc86ad3e354bcd2d1b447d
vectornav: f57d9656faf5f97854656a25afbcbdbfecd376c4
xbot2: c647816354d4af2e9a7da090a04a600efd23b900
xbot2_cli: c77cc218282b47c70589f2d812c93f83bd0fb0ae
xbot2_diagnostics: f78cc4497872b73e93133c5e5cfa5ddb5135649d
xbot2_gui_server: ee458f9e0fab712aaf4ad02068b32ba433511038
xbot2_ros: cdfa2763d96d4a0d54bfc323dc085d8683e46f04
xbot2_tools: 457b1556d7878e4078e39f3e8ebeae9fc16594a8
